{
  "version": "5",
  "specifiers": {
    "jsr:@david/code-block-writer@^13.0.3": "13.0.3",
    "jsr:@deno/dnt@*": "0.43.2",
    "jsr:@deno/dnt@~0.43.2": "0.43.2",
    "jsr:@std/fmt@1": "1.0.10",
    "jsr:@std/fs@1": "1.0.24",
    "jsr:@std/internal@^1.0.14": "1.0.14",
    "jsr:@std/path@1": "1.1.6",
    "jsr:@std/path@^1.1.5": "1.1.6",
    "jsr:@ts-morph/bootstrap@0.29": "0.29.0",
    "jsr:@ts-morph/common@0.29": "0.29.0",
    "npm:@hono/node-server@2.0.12": "2.0.12_hono@4.13.8",
    "npm:@polar-sh/sdk@0.49.0": "0.49.0",
    "npm:@types/node@^22.20.4": "22.20.4",
    "npm:hono@4.13.8": "4.13.8",
    "npm:octokit@5.0.5": "5.0.5",
    "npm:resend@6.28.1": "6.28.1",
    "npm:stripe@18.0.0": "18.0.0",
    "npm:typescript@5.9.3": "5.9.3",
    "npm:zod@4": "4.6.5"
  },
  "jsr": {
    "@david/code-block-writer@13.0.3": {
      "integrity": "f98c77d320f5957899a61bfb7a9bead7c6d83ad1515daee92dbacc861e13bb7f"
    },
    "@deno/dnt@0.43.2": {
      "integrity": "8068703a782f389d9fcb4ead32809ca666d3b088262a23f1d9016cbc9af5d37f",
      "dependencies": [
        "jsr:@david/code-block-writer",
        "jsr:@std/fmt",
        "jsr:@std/fs",
        "jsr:@std/path@1",
        "jsr:@ts-morph/bootstrap"
      ]
    },
    "@std/fmt@1.0.10": {
      "integrity": "90dfba288802ac6de82fb31d0917eb9e4450b9925b954d5e51fc29ac07419db5"
    },
    "@std/fs@1.0.24": {
      "integrity": "f3061b45b81673a2bece689da041df32d174be064c89eb6397fb5718d3fb7877",
      "dependencies": [
        "jsr:@std/internal",
        "jsr:@std/path@^1.1.5"
      ]
    },
    "@std/internal@1.0.14": {
      "integrity": "291516b3d4c35024d6ffbc0a9df5bf4c64116e05b50012cf846710152d2ffdf7"
    },
    "@std/path@1.1.6": {
      "integrity": "c68485c2a4dfbb5ae3cc74fae4e8c4e5d874cf8a8ed12927917235c758b46cbe",
      "dependencies": [
        "jsr:@std/internal"
      ]
    },
    "@ts-morph/bootstrap@0.29.0": {
      "integrity": "69f9b1b42b03423308a9f623f924174181ef20f6f2a8771799f216f561b9b7a6",
      "dependencies": [
        "jsr:@ts-morph/common"
      ]
    },
    "@ts-morph/common@0.29.0": {
      "integrity": "14e8f44c5e4297628cf756aed071787dc026c493e36c1cc29ce49dc95e493f8f",
      "dependencies": [
        "jsr:@std/fs",
        "jsr:@std/path@1"
      ]
    }
  },
  "npm": {
    "@hono/node-server@2.0.12_hono@4.13.8": {
      "integrity": "sha512-eWpQYr67tqJLeaSUl0Q+TquuYfUdTibpOJlUMV2FfUP7+KqCC5TufnwnlXL6mobZBJbGAYRd7ZvEBDCbLInjhg==",
      "dependencies": [
        "hono"
      ]
    },
    "@octokit/app@16.1.4": {
      "integrity": "sha512-g70WONQyGoBgqIJtv4O0MUEfOF1iJpTfFt3qAW7HaiwiJ6k607xg/gBezCa4tuq6BpO6qXn7qvq8v9tjWtgGQg==",
      "dependencies": [
        "@octokit/auth-app",
        "@octokit/auth-unauthenticated",
        "@octokit/core",
        "@octokit/oauth-app",
        "@octokit/plugin-paginate-rest@15.0.0_@octokit+core@7.0.8",
        "@octokit/types@17.0.0",
        "@octokit/webhooks"
      ]
    },
    "@octokit/auth-app@8.3.1": {
      "integrity": "sha512-XHWxZsF4mvGTQCv7AOxgby9t9OjVO19FBuKq+QmyBxFrf+B2hR/P5j/MTF8g95bITf8cRtR17KIXThpFNqiKbg==",
      "dependencies": [
        "@octokit/auth-oauth-app",
        "@octokit/auth-oauth-user",
        "@octokit/request",
        "@octokit/request-error",
        "@octokit/types@18.0.0",
        "toad-cache",
        "universal-github-app-jwt",
        "universal-user-agent"
      ]
    },
    "@octokit/auth-oauth-app@9.0.5": {
      "integrity": "sha512-Hn2yAlIDjFLGjAz7t+CRu7e9VYoFW1W3LLyOLyahFoJGlCf4PtDkHKtRET8w/2CJpsrC0FxIF5g5Xtx9E4O78w==",
      "dependencies": [
        "@octokit/auth-oauth-device",
        "@octokit/auth-oauth-user",
        "@octokit/request",
        "@octokit/types@18.0.0",
        "universal-user-agent"
      ]
    },
    "@octokit/auth-oauth-device@8.0.5": {
      "integrity": "sha512-kdJtjRhykMLJrMdcoC56XUBDfoUAuWEFKpkDxwYim+bNwYw1MreLolk+PLnwEYT8djm589YepeMuJ8+ECAIzVQ==",
      "dependencies": [
        "@octokit/oauth-methods",
        "@octokit/request",
        "@octokit/types@18.0.0",
        "universal-user-agent"
      ]
    },
    "@octokit/auth-oauth-user@6.0.4": {
      "integrity": "sha512-eya2pMJ9pCBq1jrm1Rf6J3NI+NemEpzDMLo9J/GpRoK0KgdxIVXWX4LESIfwJ+GYeoq6QFIlUJNi1lVp5FBgmw==",
      "dependencies": [
        "@octokit/auth-oauth-device",
        "@octokit/oauth-methods",
        "@octokit/request",
        "@octokit/types@18.0.0",
        "universal-user-agent"
      ]
    },
    "@octokit/auth-token@6.0.0": {
      "integrity": "sha512-P4YJBPdPSpWTQ1NU4XYdvHvXJJDxM6YwpS0FZHRgP7YFkdVxsWcpWGy/NVqlAA7PcPCnMacXlRm1y2PFZRWL/w=="
    },
    "@octokit/auth-unauthenticated@7.0.5": {
      "integrity": "sha512-KBzGMM8hRgtGKDe8JqvDdhHj+7PWHRo1qxz9pQ5WT1162DLdC6O5jL+kRFk3VfpCnEfc3bUYZ2vOwI9vx8yUXA==",
      "dependencies": [
        "@octokit/request-error",
        "@octokit/types@18.0.0"
      ]
    },
    "@octokit/core@7.0.8": {
      "integrity": "sha512-L7y8eYc+AwxGr2PWI4WFt1VG4TiJ66c26BD16mXpYIlXxG0SMigM1+m4aTSlYyBr5BlQsGAlz8uDCoZN4SEMcg==",
      "dependencies": [
        "@octokit/auth-token",
        "@octokit/graphql",
        "@octokit/request",
        "@octokit/request-error",
        "@octokit/types@18.0.0",
        "before-after-hook",
        "universal-user-agent"
      ]
    },
    "@octokit/endpoint@11.0.5": {
      "integrity": "sha512-iXa654H3yFafF/ieHkukfbgWo2rmXD2ceD0ZOtrPhw1bc3FDch1d9N/TNs0FQ1/cIbwb7kspUX8jzIs8nzb9DQ==",
      "dependencies": [
        "@octokit/types@18.0.0",
        "universal-user-agent"
      ]
    },
    "@octokit/graphql@9.0.5": {
      "integrity": "sha512-bt/hm03LeU6Vy7FwTrkkC9p3XGT/lBwClglMqxBSe5/q0E5CdJTXeAqEI0vlw89/LF/G6tryTIH8HirZ3prMVg==",
      "dependencies": [
        "@octokit/request",
        "@octokit/types@18.0.0",
        "universal-user-agent"
      ]
    },
    "@octokit/oauth-app@8.0.4": {
      "integrity": "sha512-Ji5JpRwAJcbOJkO4ij0tW6+GrQ8efpICnAca3o5xI8/HUNjqJu3hhG4cCZdXAHMKaOaQTFX0Yl+cpu61Rsx94A==",
      "dependencies": [
        "@octokit/auth-oauth-app",
        "@octokit/auth-oauth-user",
        "@octokit/auth-unauthenticated",
        "@octokit/core",
        "@octokit/oauth-authorization-url",
        "@octokit/oauth-methods",
        "@types/aws-lambda",
        "universal-user-agent"
      ]
    },
    "@octokit/oauth-authorization-url@8.0.0": {
      "integrity": "sha512-7QoLPRh/ssEA/HuHBHdVdSgF8xNLz/Bc5m9fZkArJE5bb6NmVkDm3anKxXPmN1zh6b5WKZPRr3697xKT/yM3qQ=="
    },
    "@octokit/oauth-methods@6.0.5": {
      "integrity": "sha512-/mAz7taDZD7DcV4zcG6TDw3Kr6TOldmYBRpvA62C3WIxRMmcgX8XxsTvVQomqKE7VEk/BgYhUao1aR2tYGyIKg==",
      "dependencies": [
        "@octokit/oauth-authorization-url",
        "@octokit/request",
        "@octokit/request-error",
        "@octokit/types@18.0.0"
      ]
    },
    "@octokit/openapi-types@27.0.0": {
      "integrity": "sha512-whrdktVs1h6gtR+09+QsNk2+FO+49j6ga1c55YZudfEG+oKJVvJLQi3zkOm5JjiUXAagWK2tI2kTGKJ2Ys7MGA=="
    },
    "@octokit/openapi-types@28.0.0": {
      "integrity": "sha512-0rFyLuyHvIj6uuZWuDslxkowFYdPXoNIkeAv4b27dzm2Tf4vGWXnPsMcxs7d65kLdMERgP3wc1AEPlqMz8e1cQ=="
    },
    "@octokit/openapi-types@29.0.1": {
      "integrity": "sha512-9qWOMFNxxLokERcms42rU0PTLqQmVs7g5E41TI4mCOxmpFayD1rfC7XxOL55cG9MBZLFlC31BrR37myMKardwg=="
    },
    "@octokit/openapi-webhooks-types@12.1.0": {
      "integrity": "sha512-WiuzhOsiOvb7W3Pvmhf8d2C6qaLHXrWiLBP4nJ/4kydu+wpagV5Fkz9RfQwV2afYzv3PB+3xYgp4mAdNGjDprA=="
    },
    "@octokit/plugin-paginate-graphql@6.0.0_@octokit+core@7.0.8": {
      "integrity": "sha512-crfpnIoFiBtRkvPqOyLOsw12XsveYuY2ieP6uYDosoUegBJpSVxGwut9sxUgFFcll3VTOTqpUf8yGd8x1OmAkQ==",
      "dependencies": [
        "@octokit/core"
      ]
    },
    "@octokit/plugin-paginate-rest@14.0.0_@octokit+core@7.0.8": {
      "integrity": "sha512-fNVRE7ufJiAA3XUrha2omTA39M6IXIc6GIZLvlbsm8QOQCYvpq/LkMNGyFlB1d8hTDzsAXa3OKtybdMAYsV/fw==",
      "dependencies": [
        "@octokit/core",
        "@octokit/types@16.0.0"
      ]
    },
    "@octokit/plugin-paginate-rest@15.0.0_@octokit+core@7.0.8": {
      "integrity": "sha512-lw9A9YL5s4VPj+VEx8uMxaxQm2YTgrPDkrLEuZuu18R8TK3oPcXF4K6t52nx6xn1RcogZC9i188sAr/4XYJaQQ==",
      "dependencies": [
        "@octokit/core",
        "@octokit/types@17.0.0"
      ]
    },
    "@octokit/plugin-rest-endpoint-methods@17.0.0_@octokit+core@7.0.8": {
      "integrity": "sha512-B5yCyIlOJFPqUUeiD0cnBJwWJO8lkJs5d8+ze9QDP6SvfiXSz1BF+91+0MeI1d2yxgOhU/O+CvtiZ9jSkHhFAw==",
      "dependencies": [
        "@octokit/core",
        "@octokit/types@16.0.0"
      ]
    },
    "@octokit/plugin-retry@8.1.1_@octokit+core@7.0.8": {
      "integrity": "sha512-VCVvZ/R1+u3WuiBWpNavZ0mY4aaJNAsENrpBP9aLSR2QyOpQgd7DhM5j4AW7z4MQpnJYgwBPf0XqPQoNBRdQwg==",
      "dependencies": [
        "@octokit/core",
        "@octokit/request-error",
        "@octokit/types@17.0.0",
        "bottleneck"
      ]
    },
    "@octokit/plugin-throttling@11.0.5_@octokit+core@7.0.8": {
      "integrity": "sha512-LIdrkrUv+DWbKeg/49rGuFJ3SU0d3hUS+B4MhNZLepBoNUFXms8Ic9edJjrlx+zycqJHjrMRudVpVb/bAXM2Lw==",
      "dependencies": [
        "@octokit/core",
        "@octokit/types@17.0.0",
        "bottleneck"
      ]
    },
    "@octokit/request-error@7.1.2": {
      "integrity": "sha512-XZRuT3xZ84D3gYErI1DZvhJ33dCWVV6uzBtWkaBB4TvA/L6eOeTZodxLFVB44bBEEo3vEx7y00UfX1tBLrtLRg==",
      "dependencies": [
        "@octokit/types@18.0.0"
      ]
    },
    "@octokit/request@10.0.16": {
      "integrity": "sha512-A0zWGjHzISIb+9ccG8s0dq7LKO5zVpJLRICjgUb+sJxEWqn8RUHB1rD3AE51+PECvXHIxqZ1VVvs4fHTSD9nUQ==",
      "dependencies": [
        "@octokit/endpoint",
        "@octokit/request-error",
        "@octokit/types@18.0.0",
        "content-type",
        "json-with-bigint",
        "universal-user-agent"
      ]
    },
    "@octokit/types@16.0.0": {
      "integrity": "sha512-sKq+9r1Mm4efXW1FCk7hFSeJo4QKreL/tTbR0rz/qx/r1Oa2VV83LTA/H/MuCOX7uCIJmQVRKBcbmWoySjAnSg==",
      "dependencies": [
        "@octokit/openapi-types@27.0.0"
      ]
    },
    "@octokit/types@17.0.0": {
      "integrity": "sha512-ByP1v7YL5SMveFPP7+sj0/ZuWCOOg/Chs4NafOMpq6WNIM/hdGY0S7C0TCGDBWu1aGmOxmUIhMx3cO+IdwYZ1Q==",
      "dependencies": [
        "@octokit/openapi-types@28.0.0"
      ]
    },
    "@octokit/types@18.0.0": {
      "integrity": "sha512-l6bAF43PNxkJp6g+W4PjoUSSkxHomXw2nOum5CTftJz1NlV3vu93NImgOYtLf6CbBUb5j+fiuzW0PPQ5JTSvZA==",
      "dependencies": [
        "@octokit/openapi-types@29.0.1"
      ]
    },
    "@octokit/webhooks-methods@6.0.0": {
      "integrity": "sha512-MFlzzoDJVw/GcbfzVC1RLR36QqkTLUf79vLVO3D+xn7r0QgxnFoLZgtrzxiQErAjFUOdH6fas2KeQJ1yr/qaXQ=="
    },
    "@octokit/webhooks@14.2.0": {
      "integrity": "sha512-da6KbdNCV5sr1/txD896V+6W0iamFWrvVl8cHkBSPT+YlvmT3DwXa4jxZnQc+gnuTEqSWbBeoSZYTayXH9wXcw==",
      "dependencies": [
        "@octokit/openapi-webhooks-types",
        "@octokit/request-error",
        "@octokit/webhooks-methods"
      ]
    },
    "@polar-sh/sdk@0.49.0": {
      "integrity": "sha512-9UYb70iKjJCtWYlu0OF5HLYBLmkxHwqr2RlXwuxXQgRGqq56IQWlVG+NO7e1YJ7I5GW0CBHhGIjRbQ9hYM6ycQ==",
      "dependencies": [
        "standardwebhooks",
        "zod"
      ]
    },
    "@stablelib/base64@1.0.1": {
      "integrity": "sha512-1bnPQqSxSuc3Ii6MhBysoWCg58j97aUjuCSZrGSmDxNqtytIi0k8utUenAwTZN4V5mXXYGsVUI9zeBqy+jBOSQ=="
    },
    "@types/aws-lambda@8.10.163": {
      "integrity": "sha512-+4zuoEB3S8RIhimtOFT7zAEk2SbpwrKjjGl9CyYnQR6k08uynxfauIIB0pDU1ssr05F8oyGiETwpn+8eXZMqPw=="
    },
    "@types/node@22.20.4": {
      "integrity": "sha512-zJRE40jpHtKqE/C4fgHrAKQLJuSpzEnP9ff9Y7YtoR3Wd2pwqzlekDeEuUQXjRd+QCYnVnNwuJYmhdk9XV8gvA==",
      "dependencies": [
        "undici-types"
      ]
    },
    "before-after-hook@4.0.0": {
      "integrity": "sha512-q6tR3RPqIB1pMiTRMFcZwuG5T8vwp+vUvEG0vuI6B+Rikh5BfPp2fQ82c925FOs+b0lcFQ8CFrL+KbilfZFhOQ=="
    },
    "bottleneck@2.19.5": {
      "integrity": "sha512-VHiNCbI1lKdl44tGrhNfU3lup0Tj/ZBMJB5/2ZbNXRCPuRCO7ed2mgcK4r17y+KB2EfuYuRaVlwNbAeaWGSpbw=="
    },
    "call-bind-apply-helpers@1.0.2": {
      "integrity": "sha512-Sp1ablJ0ivDkSzjcaJdxEunN5/XvksFJ2sMBFfq6x0ryhQV/2b/KwFe21cMpmHtPOSij8K99/wSfoEuTObmuMQ==",
      "dependencies": [
        "es-errors",
        "function-bind"
      ]
    },
    "call-bound@1.0.4": {
      "integrity": "sha512-+ys997U96po4Kx/ABpBCqhA9EuxJaQWDQg7295H4hBphv3IZg0boBKuwYpt4YXp6MZ5AmZQnU/tyMTlRpaSejg==",
      "dependencies": [
        "call-bind-apply-helpers",
        "get-intrinsic"
      ]
    },
    "content-type@3.1.1": {
      "integrity": "sha512-GW4qUsfFo59d0HbUibDlWv5wPz+vAAcaTWbKIuKCf0JkC7wWkSyf8f13IpXn5JkeMlB2P8iTSSIjwXljorg2vA=="
    },
    "dunder-proto@1.0.1": {
      "integrity": "sha512-KIN/nDJBQRcXw0MLVhZE9iQHmG68qAVIBg9CqmUYjmQIhgij9U5MFvrqkUL5FbtyyzZuOeOt0zdeRe4UY7ct+A==",
      "dependencies": [
        "call-bind-apply-helpers",
        "es-errors",
        "gopd"
      ]
    },
    "es-define-property@1.0.1": {
      "integrity": "sha512-e3nRfgfUZ4rNGL232gUgX06QNyyez04KdjFrF+LTRoOXmrOgFKDg4BCdsjW8EnT69eqdYGmRpJwiPVYNrCaW3g=="
    },
    "es-errors@1.3.0": {
      "integrity": "sha512-Zf5H2Kxt2xjTvbJvP2ZWLEICxA6j+hAmMzIlypy4xcBg1vKVnx89Wy0GbS+kf5cwCVFFzdCFh2XSCFNULS6csw=="
    },
    "es-object-atoms@1.1.2": {
      "integrity": "sha512-HWcBoN6NileqtSydK2FqHbS/LoDd2pqrnQHLyJzBj4kOp/ky2MWMN694xOfkK8/SnUsW2DH7EfyVlydKCsm1Zw==",
      "dependencies": [
        "es-errors"
      ]
    },
    "fast-sha256@1.3.0": {
      "integrity": "sha512-n11RGP/lrWEFI/bWdygLxhI+pVeo1ZYIVwvvPkW7azl/rOy+F3HYRZ2K5zeE9mmkhQppyv9sQFx0JM9UabnpPQ=="
    },
    "function-bind@1.1.2": {
      "integrity": "sha512-7XHNxH7qX9xG5mIwxkhumTox/MIRNcOgDrxWsMt2pAr23WHp6MrRlN7FBSFpCpr+oVO0F744iUgR82nJMfG2SA=="
    },
    "get-intrinsic@1.3.0": {
      "integrity": "sha512-9fSjSaos/fRIVIp+xSJlE6lfwhES7LNtKaCBIamHsjr2na1BiABJPo0mOjjz8GJDURarmCPGqaiVg5mfjb98CQ==",
      "dependencies": [
        "call-bind-apply-helpers",
        "es-define-property",
        "es-errors",
        "es-object-atoms",
        "function-bind",
        "get-proto",
        "gopd",
        "has-symbols",
        "hasown",
        "math-intrinsics"
      ]
    },
    "get-proto@1.0.1": {
      "integrity": "sha512-sTSfBjoXBp89JvIKIefqw7U2CCebsc74kiY6awiGogKtoSGbgjYE/G/+l9sF3MWFPNc9IcoOC4ODfKHfxFmp0g==",
      "dependencies": [
        "dunder-proto",
        "es-object-atoms"
      ]
    },
    "gopd@1.2.0": {
      "integrity": "sha512-ZUKRh6/kUFoAiTAtTYPZJ3hw9wNxx+BIBOijnlG9PnrJsCcSjs1wyyD6vJpaYtgnzDrKYRSqf3OO6Rfa93xsRg=="
    },
    "has-symbols@1.1.0": {
      "integrity": "sha512-1cDNdwJ2Jaohmb3sg4OmKaMBwuC48sYni5HUw2DvsC8LjGTLK9h+eb1X6RyuOHe4hT0ULCW68iomhjUoKUqlPQ=="
    },
    "hasown@2.0.4": {
      "integrity": "sha512-T2UbfbBEF32wiepXIsMlTW9+dDYC6wMh/t/vYA4tuOMKqWz/n3vr1NFSxQiyP+zk2mXsoMA/i/7qV6LKut1t1A==",
      "dependencies": [
        "function-bind"
      ]
    },
    "hono@4.13.8": {
      "integrity": "sha512-/Gng7NfoykZl2pjukW5Z6+8Yxm3BPRf86GTbQnt0SbySkvax4fyL4H3HhY1cCpBGmiW9XDRFzRV+CXK2W8QudQ=="
    },
    "json-with-bigint@3.5.12": {
      "integrity": "sha512-uwbF/wSSuOgC7qqlq27Xp5B6a2MHVug3t0idZdTqu0JnlFvgJuH7ju+KAk/J06C7GfhoYy2gnb9wz2INqcne7w=="
    },
    "math-intrinsics@1.1.0": {
      "integrity": "sha512-/IXtbwEk5HTPyEwyKX6hGkYXxM9nbj64B+ilVJnC/R6B0pH5G4V3b0pVbL7DBj4tkhBAppbQUlf6F6Xl9LHu1g=="
    },
    "object-inspect@1.13.4": {
      "integrity": "sha512-W67iLl4J2EXEGTbfeHCffrjDfitvLANg0UlX3wFUUSTx92KXRFegMHUVgSqE+wvhAbi4WqjGg9czysTV2Epbew=="
    },
    "octokit@5.0.5": {
      "integrity": "sha512-4+/OFSqOjoyULo7eN7EA97DE0Xydj/PW5aIckxqQIoFjFwqXKuFCvXUJObyJfBF9Khu4RL/jlDRI9FPaMGfPnw==",
      "dependencies": [
        "@octokit/app",
        "@octokit/core",
        "@octokit/oauth-app",
        "@octokit/plugin-paginate-graphql",
        "@octokit/plugin-paginate-rest@14.0.0_@octokit+core@7.0.8",
        "@octokit/plugin-rest-endpoint-methods",
        "@octokit/plugin-retry",
        "@octokit/plugin-throttling",
        "@octokit/request-error",
        "@octokit/types@16.0.0",
        "@octokit/webhooks"
      ]
    },
    "postal-mime@2.7.6": {
      "integrity": "sha512-UUlyE2KlxmvwMGq060onF/VWU3zD6dVW31FwokQ5v26jWd35fbs2MoTFzh+jXnPwAyV2MULMKXcBInGOl5TO6Q=="
    },
    "qs@6.14.1": {
      "integrity": "sha512-4EK3+xJl8Ts67nLYNwqw/dsFVnCf+qR7RgXSK9jEEm9unao3njwMDdmsdvoKBKHzxd7tCYz5e5M+SnMjdtXGQQ==",
      "dependencies": [
        "side-channel"
      ]
    },
    "resend@6.28.1": {
      "integrity": "sha512-5VWOcDiWKBt0NWYKXwzY9WJ+LbpQLYw9M6j1DDJYPk7TloHfWOJyaY4EFKoR/KPL0N4m5yO3o96iDoYOX7v+GA==",
      "dependencies": [
        "postal-mime",
        "standardwebhooks"
      ]
    },
    "side-channel-list@1.0.1": {
      "integrity": "sha512-mjn/0bi/oUURjc5Xl7IaWi/OJJJumuoJFQJfDDyO46+hBWsfaVM65TBHq2eoZBhzl9EchxOijpkbRC8SVBQU0w==",
      "dependencies": [
        "es-errors",
        "object-inspect"
      ]
    },
    "side-channel-map@1.0.1": {
      "integrity": "sha512-VCjCNfgMsby3tTdo02nbjtM/ewra6jPHmpThenkTYh8pG9ucZ/1P8So4u4FGBek/BjpOVsDCMoLA/iuBKIFXRA==",
      "dependencies": [
        "call-bound",
        "es-errors",
        "get-intrinsic",
        "object-inspect"
      ]
    },
    "side-channel-weakmap@1.0.2": {
      "integrity": "sha512-WPS/HvHQTYnHisLo9McqBHOJk2FkHO/tlpvldyrnem4aeQp4hai3gythswg6p01oSoTl58rcpiFAjF2br2Ak2A==",
      "dependencies": [
        "call-bound",
        "es-errors",
        "get-intrinsic",
        "object-inspect",
        "side-channel-map"
      ]
    },
    "side-channel@1.1.1": {
      "integrity": "sha512-6x6dK6zJdpTzF4sQeNYxwtvBzf6Eg4GtlesS94HOvTudUeyK2WXAaIfmDgsyslYrRBeFIlsi54AYsFGUuhmvrQ==",
      "dependencies": [
        "es-errors",
        "object-inspect",
        "side-channel-list",
        "side-channel-map",
        "side-channel-weakmap"
      ]
    },
    "standardwebhooks@1.1.1": {
      "integrity": "sha512-bCbX9ZEyFkWPsRz7Bl3NuQUJohmwGSev/yhr7vhaGPlc4AfIrspIRa6cPTBuI1ItmrTDJ4d/S2hCsfe4+vQGnQ==",
      "dependencies": [
        "@stablelib/base64",
        "fast-sha256"
      ]
    },
    "stripe@18.0.0": {
      "integrity": "sha512-3Fs33IzKUby//9kCkCa1uRpinAoTvj6rJgQ2jrBEysoxEvfsclvXdna1amyEYbA2EKkjynuB4+L/kleCCaWTpA==",
      "dependencies": [
        "@types/node",
        "qs"
      ]
    },
    "toad-cache@3.7.4": {
      "integrity": "sha512-m1TdR/rvT7kgGJZhspNtXdsdYk0fddFpJJFlG5s+UkPFo6lkLoZ3YLOaovPYjq1R75NP5JfeTlSHaOsE09peCg=="
    },
    "typescript@5.9.3": {
      "integrity": "sha512-jl1vZzPDinLr9eUt3J/t7V6FgNEw9QjvBPdysz9KfQDD41fQrC2Y4vKQdiaUpFT4bXlb1RHhLpp8wtm6M5TgSw==",
      "bin": true
    },
    "undici-types@6.21.0": {
      "integrity": "sha512-iwDZqg0QAGrg9Rav5H4n0M64c3mkR59cJ6wQp+7C4nI0gsmExaedaYLNO44eT4AtBBwjbTiGPMlt2Md0T9H9JQ=="
    },
    "universal-github-app-jwt@2.2.2": {
      "integrity": "sha512-dcmbeSrOdTnsjGjUfAlqNDJrhxXizjAz94ija9Qw8YkZ1uu0d+GoZzyH+Jb9tIIqvGsadUfwg+22k5aDqqwzbw=="
    },
    "universal-user-agent@7.0.3": {
      "integrity": "sha512-TmnEAEAsBJVZM/AADELsK76llnwcf9vMKuPz8JflO1frO8Lchitr0fNaN9d+Ap0BjKtqWqd/J17qeDnXh8CL2A=="
    },
    "zod@4.6.5": {
      "integrity": "sha512-v5l/aFXZQeai4awLbOpSoHecE9UiMrnfx75tEXLjNonXVARxQ5mOeipTjROUchszUNCqnE+hqAMujRsRHsut2Q=="
    }
  },
  "workspace": {
    "dependencies": [
      "jsr:@deno/dnt@~0.43.2",
      "npm:@hono/node-server@2.0.12",
      "npm:@polar-sh/sdk@0.49.0",
      "npm:@types/node@^22.20.4",
      "npm:hono@4.13.8",
      "npm:octokit@5.0.5",
      "npm:resend@6.28.1",
      "npm:stripe@18.0.0",
      "npm:typescript@5.9.3",
      "npm:zod@4"
    ]
  }
}
